
Microsoft Visual Studio Solution File, Format Version 12.00
# Visual Studio 2013
VisualStudioVersion = 12.0.21005.1
MinimumVisualStudioVersion = 10.0.40219.1
Project("{8BC9CEB8-8B4A-11D0-8D11-00A0C91BC942}") = "HighScore", "HWOJ\HWOJ.vcxproj", "{29130D6A-4C66-49E3-B7B3-5DBD03DCB44C}"
EndProject
Project("{8BC9CEB8-8B4A-11D0-8D11-00A0C91BC942}") = "reverseString", "reverseString\reverseString.vcxproj", "{5C1857AD-0CEF-46E1-A8A8-E4BB9C7EDF7A}"
EndProject
Project("{8BC9CEB8-8B4A-11D0-8D11-00A0C91BC942}") = "LastWordLength", "LastWordLength\LastWordLength.vcxproj", "{5F66E08A-58B1-423D-B301-B2A2CC9C6BF4}"
EndProject
Project("{8BC9CEB8-8B4A-11D0-8D11-00A0C91BC942}") = "piaoliangdu", "piaoliangdu\piaoliangdu.vcxproj", "{723AB677-37BD-4757-899F-0F6D8F5440CC}"
EndProject
Project("{8BC9CEB8-8B4A-11D0-8D11-00A0C91BC942}") = "ConstructBinaryTree", "ConstructBinaryTree\ConstructBinaryTree.vcxproj", "{C8B9A1A0-8F26-4F61-8854-602692D14F6A}"
EndProject
Global
	GlobalSection(SolutionConfigurationPlatforms) = preSolution
		Debug|Win32 = Debug|Win32
		Release|Win32 = Release|Win32
	EndGlobalSection
	GlobalSection(ProjectConfigurationPlatforms) = postSolution
		{29130D6A-4C66-49E3-B7B3-5DBD03DCB44C}.Debug|Win32.ActiveCfg = Debug|Win32
		{29130D6A-4C66-49E3-B7B3-5DBD03DCB44C}.Debug|Win32.Build.0 = Debug|Win32
		{29130D6A-4C66-49E3-B7B3-5DBD03DCB44C}.Release|Win32.ActiveCfg = Release|Win32
		{29130D6A-4C66-49E3-B7B3-5DBD03DCB44C}.Release|Win32.Build.0 = Release|Win32
		{5C1857AD-0CEF-46E1-A8A8-E4BB9C7EDF7A}.Debug|Win32.ActiveCfg = Debug|Win32
		{5C1857AD-0CEF-46E1-A8A8-E4BB9C7EDF7A}.Debug|Win32.Build.0 = Debug|Win32
		{5C1857AD-0CEF-46E1-A8A8-E4BB9C7EDF7A}.Release|Win32.ActiveCfg = Release|Win32
		{5C1857AD-0CEF-46E1-A8A8-E4BB9C7EDF7A}.Release|Win32.Build.0 = Release|Win32
		{5F66E08A-58B1-423D-B301-B2A2CC9C6BF4}.Debug|Win32.ActiveCfg = Debug|Win32
		{5F66E08A-58B1-423D-B301-B2A2CC9C6BF4}.Debug|Win32.Build.0 = Debug|Win32
		{5F66E08A-58B1-423D-B301-B2A2CC9C6BF4}.Release|Win32.ActiveCfg = Release|Win32
		{5F66E08A-58B1-423D-B301-B2A2CC9C6BF4}.Release|Win32.Build.0 = Release|Win32
		{723AB677-37BD-4757-899F-0F6D8F5440CC}.Debug|Win32.ActiveCfg = Debug|Win32
		{723AB677-37BD-4757-899F-0F6D8F5440CC}.Debug|Win32.Build.0 = Debug|Win32
		{723AB677-37BD-4757-899F-0F6D8F5440CC}.Release|Win32.ActiveCfg = Release|Win32
		{723AB677-37BD-4757-899F-0F6D8F5440CC}.Release|Win32.Build.0 = Release|Win32
		{C8B9A1A0-8F26-4F61-8854-602692D14F6A}.Debug|Win32.ActiveCfg = Debug|Win32
		{C8B9A1A0-8F26-4F61-8854-602692D14F6A}.Debug|Win32.Build.0 = Debug|Win32
		{C8B9A1A0-8F26-4F61-8854-602692D14F6A}.Release|Win32.ActiveCfg = Release|Win32
		{C8B9A1A0-8F26-4F61-8854-602692D14F6A}.Release|Win32.Build.0 = Release|Win32
	EndGlobalSection
	GlobalSection(SolutionProperties) = preSolution
		HideSolutionNode = FALSE
	EndGlobalSection
EndGlobal
